// !$*UTF8*$!
{
	archiveVersion = 1;
	classes = {
	};
	objectVersion = 55;
	objects = {

/* Begin PBXBuildFile section */
		6E010138285D4BB800A9F947 /* Exercise.swift in Sources */ = {isa = PBXBuildFile; fileRef = 6E010137285D4BB800A9F947 /* Exercise.swift */; };
		6E01013B285D4CE100A9F947 /* ExerciseEndpoint.swift in Sources */ = {isa = PBXBuildFile; fileRef = 6E01013A285D4CE100A9F947 /* ExerciseEndpoint.swift */; };
		6E2A00E3285CF397004B57F2 /* TabBarViewController.swift in Sources */ = {isa = PBXBuildFile; fileRef = 6E2A00E2285CF397004B57F2 /* TabBarViewController.swift */; };
		6E56C0AD286A5F3D0076414E /* MockExercisesListResponse.json in Resources */ = {isa = PBXBuildFile; fileRef = 6E56C0AC286A5F3D0076414E /* MockExercisesListResponse.json */; };
		6E56C0B0286A61130076414E /* JSONDecoder+Extensions.swift in Sources */ = {isa = PBXBuildFile; fileRef = 6E56C0AF286A61130076414E /* JSONDecoder+Extensions.swift */; };
		6E56C0B3286A62C80076414E /* MockExercisesListView.swift in Sources */ = {isa = PBXBuildFile; fileRef = 6E56C0B2286A62C80076414E /* MockExercisesListView.swift */; };
		6E56C0B5286A641E0076414E /* ExercisesListViewModelTests.swift in Sources */ = {isa = PBXBuildFile; fileRef = 6E56C0B4286A641E0076414E /* ExercisesListViewModelTests.swift */; };
		6E56C0B8286A65A60076414E /* MockExercisesServiceProvider.swift in Sources */ = {isa = PBXBuildFile; fileRef = 6E56C0B7286A65A60076414E /* MockExercisesServiceProvider.swift */; };
		6E83F973285B94470070A8A9 /* AppDelegate.swift in Sources */ = {isa = PBXBuildFile; fileRef = 6E83F972285B94470070A8A9 /* AppDelegate.swift */; };
		6E83F975285B94470070A8A9 /* SceneDelegate.swift in Sources */ = {isa = PBXBuildFile; fileRef = 6E83F974285B94470070A8A9 /* SceneDelegate.swift */; };
		6E83F97A285B94470070A8A9 /* Main.storyboard in Resources */ = {isa = PBXBuildFile; fileRef = 6E83F978285B94470070A8A9 /* Main.storyboard */; };
		6E83F97C285B94480070A8A9 /* Assets.xcassets in Resources */ = {isa = PBXBuildFile; fileRef = 6E83F97B285B94480070A8A9 /* Assets.xcassets */; };
		6E83F97F285B94480070A8A9 /* LaunchScreen.storyboard in Resources */ = {isa = PBXBuildFile; fileRef = 6E83F97D285B94480070A8A9 /* LaunchScreen.storyboard */; };
		6ECA459C285DD3DD00DEE011 /* ExercisesListRequest.swift in Sources */ = {isa = PBXBuildFile; fileRef = 6ECA459B285DD3DD00DEE011 /* ExercisesListRequest.swift */; };
		6ECA459E285DD85D00DEE011 /* ExercisesListViewController.swift in Sources */ = {isa = PBXBuildFile; fileRef = 6ECA459D285DD85D00DEE011 /* ExercisesListViewController.swift */; };
		6ECA45A3285DEBFE00DEE011 /* ExercisesListTableViewCell.swift in Sources */ = {isa = PBXBuildFile; fileRef = 6ECA45A1285DEBFE00DEE011 /* ExercisesListTableViewCell.swift */; };
		6ECA45A4285DEBFE00DEE011 /* ExercisesListTableViewCell.xib in Resources */ = {isa = PBXBuildFile; fileRef = 6ECA45A2285DEBFE00DEE011 /* ExercisesListTableViewCell.xib */; };
		6ECA45A6285DEFE300DEE011 /* ExercisesListTableViewCellViewModel.swift in Sources */ = {isa = PBXBuildFile; fileRef = 6ECA45A5285DEFE300DEE011 /* ExercisesListTableViewCellViewModel.swift */; };
		6ECA45A8285DF65800DEE011 /* UITableView+Extensions.swift in Sources */ = {isa = PBXBuildFile; fileRef = 6ECA45A7285DF65800DEE011 /* UITableView+Extensions.swift */; };
		6ECA45AA285DF7D000DEE011 /* UITableViewCell+Extensions.swift in Sources */ = {isa = PBXBuildFile; fileRef = 6ECA45A9285DF7D000DEE011 /* UITableViewCell+Extensions.swift */; };
		6ECA45AC285DF84800DEE011 /* NSObject+Extensions.swift in Sources */ = {isa = PBXBuildFile; fileRef = 6ECA45AB285DF84800DEE011 /* NSObject+Extensions.swift */; };
		6ECA45AE285E03AC00DEE011 /* ExercisesListViewModel.swift in Sources */ = {isa = PBXBuildFile; fileRef = 6ECA45AD285E03AC00DEE011 /* ExercisesListViewModel.swift */; };
		6ECA45B0285E0D7B00DEE011 /* ExercisesServiceProvider.swift in Sources */ = {isa = PBXBuildFile; fileRef = 6ECA45AF285E0D7B00DEE011 /* ExercisesServiceProvider.swift */; };
		6ECA45B5285F77B400DEE011 /* Collection+Extensions.swift in Sources */ = {isa = PBXBuildFile; fileRef = 6ECA45B4285F77B400DEE011 /* Collection+Extensions.swift */; };
		6EE0E248285BAAD60048D036 /* NetworkManger.swift in Sources */ = {isa = PBXBuildFile; fileRef = 6EE0E247285BAAD60048D036 /* NetworkManger.swift */; };
		6EE0E24A285BAC080048D036 /* Endpoint.swift in Sources */ = {isa = PBXBuildFile; fileRef = 6EE0E249285BAC080048D036 /* Endpoint.swift */; };
		6EE0E24C285BAD530048D036 /* HTTPMethods.swift in Sources */ = {isa = PBXBuildFile; fileRef = 6EE0E24B285BAD530048D036 /* HTTPMethods.swift */; };
/* End PBXBuildFile section */

/* Begin PBXContainerItemProxy section */
		6E56C0A3286A5D6D0076414E /* PBXContainerItemProxy */ = {
			isa = PBXContainerItemProxy;
			containerPortal = 6E83F967285B94470070A8A9 /* Project object */;
			proxyType = 1;
			remoteGlobalIDString = 6E83F96E285B94470070A8A9;
			remoteInfo = FitnessWiki;
		};
/* End PBXContainerItemProxy section */

/* Begin PBXFileReference section */
		6E010137285D4BB800A9F947 /* Exercise.swift */ = {isa = PBXFileReference; lastKnownFileType = sourcecode.swift; path = Exercise.swift; sourceTree = "<group>"; };
		6E01013A285D4CE100A9F947 /* ExerciseEndpoint.swift */ = {isa = PBXFileReference; lastKnownFileType = sourcecode.swift; path = ExerciseEndpoint.swift; sourceTree = "<group>"; };
		6E2A00E2285CF397004B57F2 /* TabBarViewController.swift */ = {isa = PBXFileReference; lastKnownFileType = sourcecode.swift; path = TabBarViewController.swift; sourceTree = "<group>"; };
		6E56C09F286A5D6D0076414E /* FitnessWikiTests.xctest */ = {isa = PBXFileReference; explicitFileType = wrapper.cfbundle; includeInIndex = 0; path = FitnessWikiTests.xctest; sourceTree = BUILT_PRODUCTS_DIR; };
		6E56C0AC286A5F3D0076414E /* MockExercisesListResponse.json */ = {isa = PBXFileReference; lastKnownFileType = text.json; path = MockExercisesListResponse.json; sourceTree = "<group>"; };
		6E56C0AF286A61130076414E /* JSONDecoder+Extensions.swift */ = {isa = PBXFileReference; lastKnownFileType = sourcecode.swift; path = "JSONDecoder+Extensions.swift"; sourceTree = "<group>"; };
		6E56C0B2286A62C80076414E /* MockExercisesListView.swift */ = {isa = PBXFileReference; lastKnownFileType = sourcecode.swift; path = MockExercisesListView.swift; sourceTree = "<group>"; };
		6E56C0B4286A641E0076414E /* ExercisesListViewModelTests.swift */ = {isa = PBXFileReference; lastKnownFileType = sourcecode.swift; path = ExercisesListViewModelTests.swift; sourceTree = "<group>"; };
		6E56C0B7286A65A60076414E /* MockExercisesServiceProvider.swift */ = {isa = PBXFileReference; lastKnownFileType = sourcecode.swift; path = MockExercisesServiceProvider.swift; sourceTree = "<group>"; };
		6E83F96F285B94470070A8A9 /* FitnessWiki.app */ = {isa = PBXFileReference; explicitFileType = wrapper.application; includeInIndex = 0; path = FitnessWiki.app; sourceTree = BUILT_PRODUCTS_DIR; };
		6E83F972285B94470070A8A9 /* AppDelegate.swift */ = {isa = PBXFileReference; lastKnownFileType = sourcecode.swift; path = AppDelegate.swift; sourceTree = "<group>"; };
		6E83F974285B94470070A8A9 /* SceneDelegate.swift */ = {isa = PBXFileReference; lastKnownFileType = sourcecode.swift; path = SceneDelegate.swift; sourceTree = "<group>"; };
		6E83F979285B94470070A8A9 /* Base */ = {isa = PBXFileReference; lastKnownFileType = file.storyboard; name = Base; path = Base.lproj/Main.storyboard; sourceTree = "<group>"; };
		6E83F97B285B94480070A8A9 /* Assets.xcassets */ = {isa = PBXFileReference; lastKnownFileType = folder.assetcatalog; path = Assets.xcassets; sourceTree = "<group>"; };
		6E83F97E285B94480070A8A9 /* Base */ = {isa = PBXFileReference; lastKnownFileType = file.storyboard; name = Base; path = Base.lproj/LaunchScreen.storyboard; sourceTree = "<group>"; };
		6E83F980285B94480070A8A9 /* Info.plist */ = {isa = PBXFileReference; lastKnownFileType = text.plist.xml; path = Info.plist; sourceTree = "<group>"; };
		6ECA459B285DD3DD00DEE011 /* ExercisesListRequest.swift */ = {isa = PBXFileReference; lastKnownFileType = sourcecode.swift; path = ExercisesListRequest.swift; sourceTree = "<group>"; };
		6ECA459D285DD85D00DEE011 /* ExercisesListViewController.swift */ = {isa = PBXFileReference; lastKnownFileType = sourcecode.swift; path = ExercisesListViewController.swift; sourceTree = "<group>"; };
		6ECA45A1285DEBFE00DEE011 /* ExercisesListTableViewCell.swift */ = {isa = PBXFileReference; lastKnownFileType = sourcecode.swift; path = ExercisesListTableViewCell.swift; sourceTree = "<group>"; };
		6ECA45A2285DEBFE00DEE011 /* ExercisesListTableViewCell.xib */ = {isa = PBXFileReference; lastKnownFileType = file.xib; path = ExercisesListTableViewCell.xib; sourceTree = "<group>"; };
		6ECA45A5285DEFE300DEE011 /* ExercisesListTableViewCellViewModel.swift */ = {isa = PBXFileReference; lastKnownFileType = sourcecode.swift; path = ExercisesListTableViewCellViewModel.swift; sourceTree = "<group>"; };
		6ECA45A7285DF65800DEE011 /* UITableView+Extensions.swift */ = {isa = PBXFileReference; lastKnownFileType = sourcecode.swift; path = "UITableView+Extensions.swift"; sourceTree = "<group>"; };
		6ECA45A9285DF7D000DEE011 /* UITableViewCell+Extensions.swift */ = {isa = PBXFileReference; lastKnownFileType = sourcecode.swift; path = "UITableViewCell+Extensions.swift"; sourceTree = "<group>"; };
		6ECA45AB285DF84800DEE011 /* NSObject+Extensions.swift */ = {isa = PBXFileReference; lastKnownFileType = sourcecode.swift; path = "NSObject+Extensions.swift"; sourceTree = "<group>"; };
		6ECA45AD285E03AC00DEE011 /* ExercisesListViewModel.swift */ = {isa = PBXFileReference; lastKnownFileType = sourcecode.swift; path = ExercisesListViewModel.swift; sourceTree = "<group>"; };
		6ECA45AF285E0D7B00DEE011 /* ExercisesServiceProvider.swift */ = {isa = PBXFileReference; lastKnownFileType = sourcecode.swift; path = ExercisesServiceProvider.swift; sourceTree = "<group>"; };
		6ECA45B3285E708400DEE011 /* Config.xcconfig */ = {isa = PBXFileReference; lastKnownFileType = text.xcconfig; path = Config.xcconfig; sourceTree = "<group>"; };
		6ECA45B4285F77B400DEE011 /* Collection+Extensions.swift */ = {isa = PBXFileReference; lastKnownFileType = sourcecode.swift; path = "Collection+Extensions.swift"; sourceTree = "<group>"; };
		6EE0E247285BAAD60048D036 /* NetworkManger.swift */ = {isa = PBXFileReference; lastKnownFileType = sourcecode.swift; path = NetworkManger.swift; sourceTree = "<group>"; };
		6EE0E249285BAC080048D036 /* Endpoint.swift */ = {isa = PBXFileReference; lastKnownFileType = sourcecode.swift; path = Endpoint.swift; sourceTree = "<group>"; };
		6EE0E24B285BAD530048D036 /* HTTPMethods.swift */ = {isa = PBXFileReference; lastKnownFileType = sourcecode.swift; path = HTTPMethods.swift; sourceTree = "<group>"; };
/* End PBXFileReference section */

/* Begin PBXFrameworksBuildPhase section */
		6E56C09C286A5D6D0076414E /* Frameworks */ = {
			isa = PBXFrameworksBuildPhase;
			buildActionMask = 2147483647;
			files = (
			);
			runOnlyForDeploymentPostprocessing = 0;
		};
		6E83F96C285B94470070A8A9 /* Frameworks */ = {
			isa = PBXFrameworksBuildPhase;
			buildActionMask = 2147483647;
			files = (
			);
			runOnlyForDeploymentPostprocessing = 0;
		};
/* End PBXFrameworksBuildPhase section */

/* Begin PBXGroup section */
		6E010136285D4B9F00A9F947 /* Entity */ = {
			isa = PBXGroup;
			children = (
				6E010137285D4BB800A9F947 /* Exercise.swift */,
			);
			path = Entity;
			sourceTree = "<group>";
		};
		6E010139285D4CCA00A9F947 /* Rest */ = {
			isa = PBXGroup;
			children = (
				6E01013A285D4CE100A9F947 /* ExerciseEndpoint.swift */,
				6ECA459B285DD3DD00DEE011 /* ExercisesListRequest.swift */,
				6ECA45AF285E0D7B00DEE011 /* ExercisesServiceProvider.swift */,
			);
			path = Rest;
			sourceTree = "<group>";
		};
		6E2A00E0285CF263004B57F2 /* TabBar */ = {
			isa = PBXGroup;
			children = (
				6E2A00E2285CF397004B57F2 /* TabBarViewController.swift */,
			);
			path = TabBar;
			sourceTree = "<group>";
		};
		6E2A00E1285CF283004B57F2 /* ExercisesList */ = {
			isa = PBXGroup;
			children = (
				6ECA459D285DD85D00DEE011 /* ExercisesListViewController.swift */,
				6ECA45AD285E03AC00DEE011 /* ExercisesListViewModel.swift */,
				6ECA45A0285DEB8300DEE011 /* Cell */,
			);
			path = ExercisesList;
			sourceTree = "<group>";
		};
		6E56C0A0286A5D6D0076414E /* FitnessWikiTests */ = {
			isa = PBXGroup;
			children = (
				6E56C0AE286A60BB0076414E /* Extensions */,
				6E56C0A8286A5DAA0076414E /* Modules */,
			);
			path = FitnessWikiTests;
			sourceTree = "<group>";
		};
		6E56C0A8286A5DAA0076414E /* Modules */ = {
			isa = PBXGroup;
			children = (
				6E56C0A9286A5E4C0076414E /* Entity */,
				6E56C0B6286A656B0076414E /* Rest */,
				6E56C0B1286A62880076414E /* ExercisesList */,
			);
			path = Modules;
			sourceTree = "<group>";
		};
		6E56C0A9286A5E4C0076414E /* Entity */ = {
			isa = PBXGroup;
			children = (
				6E56C0AC286A5F3D0076414E /* MockExercisesListResponse.json */,
			);
			path = Entity;
			sourceTree = "<group>";
		};
		6E56C0AE286A60BB0076414E /* Extensions */ = {
			isa = PBXGroup;
			children = (
				6E56C0AF286A61130076414E /* JSONDecoder+Extensions.swift */,
			);
			path = Extensions;
			sourceTree = "<group>";
		};
		6E56C0B1286A62880076414E /* ExercisesList */ = {
			isa = PBXGroup;
			children = (
				6E56C0B2286A62C80076414E /* MockExercisesListView.swift */,
				6E56C0B4286A641E0076414E /* ExercisesListViewModelTests.swift */,
			);
			path = ExercisesList;
			sourceTree = "<group>";
		};
		6E56C0B6286A656B0076414E /* Rest */ = {
			isa = PBXGroup;
			children = (
				6E56C0B7286A65A60076414E /* MockExercisesServiceProvider.swift */,
			);
			path = Rest;
			sourceTree = "<group>";
		};
		6E83F966285B94470070A8A9 = {
			isa = PBXGroup;
			children = (
				6E83F971285B94470070A8A9 /* FitnessWiki */,
				6E56C0A0286A5D6D0076414E /* FitnessWikiTests */,
				6E83F970285B94470070A8A9 /* Products */,
			);
			sourceTree = "<group>";
		};
		6E83F970285B94470070A8A9 /* Products */ = {
			isa = PBXGroup;
			children = (
				6E83F96F285B94470070A8A9 /* FitnessWiki.app */,
				6E56C09F286A5D6D0076414E /* FitnessWikiTests.xctest */,
			);
			name = Products;
			sourceTree = "<group>";
		};
		6E83F971285B94470070A8A9 /* FitnessWiki */ = {
			isa = PBXGroup;
			children = (
				6EE0E243285BA0690048D036 /* AppDelegate */,
				6EE0E244285BA0B20048D036 /* Extensions */,
				6EE0E245285BA0C00048D036 /* Modules */,
				6EE0E246285BA0EC0048D036 /* Networking */,
				6E83F986285B9F7B0070A8A9 /* Resources */,
				6E83F97D285B94480070A8A9 /* LaunchScreen.storyboard */,
			);
			path = FitnessWiki;
			sourceTree = "<group>";
		};
		6E83F986285B9F7B0070A8A9 /* Resources */ = {
			isa = PBXGroup;
			children = (
				6E83F980285B94480070A8A9 /* Info.plist */,
				6E83F97B285B94480070A8A9 /* Assets.xcassets */,
				6ECA45B3285E708400DEE011 /* Config.xcconfig */,
			);
			path = Resources;
			sourceTree = "<group>";
		};
		6ECA45A0285DEB8300DEE011 /* Cell */ = {
			isa = PBXGroup;
			children = (
				6ECA45A1285DEBFE00DEE011 /* ExercisesListTableViewCell.swift */,
				6ECA45A5285DEFE300DEE011 /* ExercisesListTableViewCellViewModel.swift */,
				6ECA45A2285DEBFE00DEE011 /* ExercisesListTableViewCell.xib */,
			);
			path = Cell;
			sourceTree = "<group>";
		};
		6EE0E243285BA0690048D036 /* AppDelegate */ = {
			isa = PBXGroup;
			children = (
				6E83F972285B94470070A8A9 /* AppDelegate.swift */,
				6E83F974285B94470070A8A9 /* SceneDelegate.swift */,
			);
			path = AppDelegate;
			sourceTree = "<group>";
		};
		6EE0E244285BA0B20048D036 /* Extensions */ = {
			isa = PBXGroup;
			children = (
				6ECA45A7285DF65800DEE011 /* UITableView+Extensions.swift */,
				6ECA45A9285DF7D000DEE011 /* UITableViewCell+Extensions.swift */,
				6ECA45AB285DF84800DEE011 /* NSObject+Extensions.swift */,
				6ECA45B4285F77B400DEE011 /* Collection+Extensions.swift */,
			);
			path = Extensions;
			sourceTree = "<group>";
		};
		6EE0E245285BA0C00048D036 /* Modules */ = {
			isa = PBXGroup;
			children = (
				6E010136285D4B9F00A9F947 /* Entity */,
				6E010139285D4CCA00A9F947 /* Rest */,
				6E2A00E1285CF283004B57F2 /* ExercisesList */,
				6E2A00E0285CF263004B57F2 /* TabBar */,
				6E83F978285B94470070A8A9 /* Main.storyboard */,
			);
			path = Modules;
			sourceTree = "<group>";
		};
		6EE0E246285BA0EC0048D036 /* Networking */ = {
			isa = PBXGroup;
			children = (
				6EE0E247285BAAD60048D036 /* NetworkManger.swift */,
				6EE0E249285BAC080048D036 /* Endpoint.swift */,
				6EE0E24B285BAD530048D036 /* HTTPMethods.swift */,
			);
			path = Networking;
			sourceTree = "<group>";
		};
/* End PBXGroup section */

/* Begin PBXNativeTarget section */
		6E56C09E286A5D6D0076414E /* FitnessWikiTests */ = {
			isa = PBXNativeTarget;
			buildConfigurationList = 6E56C0A7286A5D6D0076414E /* Build configuration list for PBXNativeTarget "FitnessWikiTests" */;
			buildPhases = (
				6E56C09B286A5D6D0076414E /* Sources */,
				6E56C09C286A5D6D0076414E /* Frameworks */,
				6E56C09D286A5D6D0076414E /* Resources */,
			);
			buildRules = (
			);
			dependencies = (
				6E56C0A4286A5D6D0076414E /* PBXTargetDependency */,
			);
			name = FitnessWikiTests;
			productName = FitnessWikiTests;
			productReference = 6E56C09F286A5D6D0076414E /* FitnessWikiTests.xctest */;
			productType = "com.apple.product-type.bundle.unit-test";
		};
		6E83F96E285B94470070A8A9 /* FitnessWiki */ = {
			isa = PBXNativeTarget;
			buildConfigurationList = 6E83F983285B94480070A8A9 /* Build configuration list for PBXNativeTarget "FitnessWiki" */;
			buildPhases = (
				6E83F96B285B94470070A8A9 /* Sources */,
				6E83F96C285B94470070A8A9 /* Frameworks */,
				6E83F96D285B94470070A8A9 /* Resources */,
			);
			buildRules = (
			);
			dependencies = (
			);
			name = FitnessWiki;
			productName = FitnessWiki;
			productReference = 6E83F96F285B94470070A8A9 /* FitnessWiki.app */;
			productType = "com.apple.product-type.application";
		};
/* End PBXNativeTarget section */

/* Begin PBXProject section */
		6E83F967285B94470070A8A9 /* Project object */ = {
			isa = PBXProject;
			attributes = {
				BuildIndependentTargetsInParallel = 1;
				LastSwiftUpdateCheck = 1340;
				LastUpgradeCheck = 1340;
				TargetAttributes = {
					6E56C09E286A5D6D0076414E = {
						CreatedOnToolsVersion = 13.4;
						LastSwiftMigration = 1340;
						TestTargetID = 6E83F96E285B94470070A8A9;
					};
					6E83F96E285B94470070A8A9 = {
						CreatedOnToolsVersion = 13.4;
					};
				};
			};
			buildConfigurationList = 6E83F96A285B94470070A8A9 /* Build configuration list for PBXProject "FitnessWiki" */;
			compatibilityVersion = "Xcode 13.0";
			developmentRegion = en;
			hasScannedForEncodings = 0;
			knownRegions = (
				en,
				Base,
			);
			mainGroup = 6E83F966285B94470070A8A9;
			productRefGroup = 6E83F970285B94470070A8A9 /* Products */;
			projectDirPath = "";
			projectRoot = "";
			targets = (
				6E83F96E285B94470070A8A9 /* FitnessWiki */,
				6E56C09E286A5D6D0076414E /* FitnessWikiTests */,
			);
		};
/* End PBXProject section */

/* Begin PBXResourcesBuildPhase section */
		6E56C09D286A5D6D0076414E /* Resources */ = {
			isa = PBXResourcesBuildPhase;
			buildActionMask = 2147483647;
			files = (
				6E56C0AD286A5F3D0076414E /* MockExercisesListResponse.json in Resources */,
			);
			runOnlyForDeploymentPostprocessing = 0;
		};
		6E83F96D285B94470070A8A9 /* Resources */ = {
			isa = PBXResourcesBuildPhase;
			buildActionMask = 2147483647;
			files = (
				6ECA45A4285DEBFE00DEE011 /* ExercisesListTableViewCell.xib in Resources */,
				6E83F97F285B94480070A8A9 /* LaunchScreen.storyboard in Resources */,
				6E83F97C285B94480070A8A9 /* Assets.xcassets in Resources */,
				6E83F97A285B94470070A8A9 /* Main.storyboard in Resources */,
			);
			runOnlyForDeploymentPostprocessing = 0;
		};
/* End PBXResourcesBuildPhase section */

/* Begin PBXSourcesBuildPhase section */
		6E56C09B286A5D6D0076414E /* Sources */ = {
			isa = PBXSourcesBuildPhase;
			buildActionMask = 2147483647;
			files = (
				6E56C0B5286A641E0076414E /* ExercisesListViewModelTests.swift in Sources */,
				6E56C0B3286A62C80076414E /* MockExercisesListView.swift in Sources */,
				6E56C0B8286A65A60076414E /* MockExercisesServiceProvider.swift in Sources */,
				6E56C0B0286A61130076414E /* JSONDecoder+Extensions.swift in Sources */,
			);
			runOnlyForDeploymentPostprocessing = 0;
		};
		6E83F96B285B94470070A8A9 /* Sources */ = {
			isa = PBXSourcesBuildPhase;
			buildActionMask = 2147483647;
			files = (
				6ECA459E285DD85D00DEE011 /* ExercisesListViewController.swift in Sources */,
				6ECA45AE285E03AC00DEE011 /* ExercisesListViewModel.swift in Sources */,
				6ECA45A8285DF65800DEE011 /* UITableView+Extensions.swift in Sources */,
				6ECA45A6285DEFE300DEE011 /* ExercisesListTableViewCellViewModel.swift in Sources */,
				6E010138285D4BB800A9F947 /* Exercise.swift in Sources */,
				6E83F973285B94470070A8A9 /* AppDelegate.swift in Sources */,
				6ECA45A3285DEBFE00DEE011 /* ExercisesListTableViewCell.swift in Sources */,
				6ECA45AC285DF84800DEE011 /* NSObject+Extensions.swift in Sources */,
				6EE0E24C285BAD530048D036 /* HTTPMethods.swift in Sources */,
				6ECA45AA285DF7D000DEE011 /* UITableViewCell+Extensions.swift in Sources */,
				6ECA45B5285F77B400DEE011 /* Collection+Extensions.swift in Sources */,
				6E01013B285D4CE100A9F947 /* ExerciseEndpoint.swift in Sources */,
				6EE0E248285BAAD60048D036 /* NetworkManger.swift in Sources */,
				6E2A00E3285CF397004B57F2 /* TabBarViewController.swift in Sources */,
				6ECA45B0285E0D7B00DEE011 /* ExercisesServiceProvider.swift in Sources */,
				6ECA459C285DD3DD00DEE011 /* ExercisesListRequest.swift in Sources */,
				6E83F975285B94470070A8A9 /* SceneDelegate.swift in Sources */,
				6EE0E24A285BAC080048D036 /* Endpoint.swift in Sources */,
			);
			runOnlyForDeploymentPostprocessing = 0;
		};
/* End PBXSourcesBuildPhase section */

/* Begin PBXTargetDependency section */
		6E56C0A4286A5D6D0076414E /* PBXTargetDependency */ = {
			isa = PBXTargetDependency;
			target = 6E83F96E285B94470070A8A9 /* FitnessWiki */;
			targetProxy = 6E56C0A3286A5D6D0076414E /* PBXContainerItemProxy */;
		};
/* End PBXTargetDependency section */

/* Begin PBXVariantGroup section */
		6E83F978285B94470070A8A9 /* Main.storyboard */ = {
			isa = PBXVariantGroup;
			children = (
				6E83F979285B94470070A8A9 /* Base */,
			);
			name = Main.storyboard;
			sourceTree = "<group>";
		};
		6E83F97D285B94480070A8A9 /* LaunchScreen.storyboard */ = {
			isa = PBXVariantGroup;
			children = (
				6E83F97E285B94480070A8A9 /* Base */,
			);
			name = LaunchScreen.storyboard;
			sourceTree = "<group>";
		};
/* End PBXVariantGroup section */

/* Begin XCBuildConfiguration section */
		6E56C0A5286A5D6D0076414E /* Debug */ = {
			isa = XCBuildConfiguration;
			buildSettings = {
				BUNDLE_LOADER = "$(TEST_HOST)";
				CLANG_ENABLE_MODULES = YES;
				CODE_SIGN_STYLE = Automatic;
				CURRENT_PROJECT_VERSION = 1;
				GENERATE_INFOPLIST_FILE = YES;
				LD_RUNPATH_SEARCH_PATHS = (
					"$(inherited)",
					"@executable_path/Frameworks",
					"@loader_path/Frameworks",
				);
				MARKETING_VERSION = 1.0;
				PRODUCT_BUNDLE_IDENTIFIER = com.abdulrahmanmaaz.FitnessWikiTests;
				PRODUCT_NAME = "$(TARGET_NAME)";
				SWIFT_EMIT_LOC_STRINGS = NO;
				SWIFT_OPTIMIZATION_LEVEL = "-Onone";
				SWIFT_VERSION = 5.0;
				TARGETED_DEVICE_FAMILY = "1,2";
				TEST_HOST = "$(BUILT_PRODUCTS_DIR)/FitnessWiki.app/FitnessWiki";
			};
			name = Debug;
		};
		6E56C0A6286A5D6D0076414E /* Release */ = {
			isa = XCBuildConfiguration;
			buildSettings = {
				BUNDLE_LOADER = "$(TEST_HOST)";
				CLANG_ENABLE_MODULES = YES;
				CODE_SIGN_STYLE = Automatic;
				CURRENT_PROJECT_VERSION = 1;
				GENERATE_INFOPLIST_FILE = YES;
				LD_RUNPATH_SEARCH_PATHS = (
					"$(inherited)",
					"@executable_path/Frameworks",
					"@loader_path/Frameworks",
				);
				MARKETING_VERSION = 1.0;
				PRODUCT_BUNDLE_IDENTIFIER = com.abdulrahmanmaaz.FitnessWikiTests;
				PRODUCT_NAME = "$(TARGET_NAME)";
				SWIFT_EMIT_LOC_STRINGS = NO;
				SWIFT_VERSION = 5.0;
				TARGETED_DEVICE_FAMILY = "1,2";
				TEST_HOST = "$(BUILT_PRODUCTS_DIR)/FitnessWiki.app/FitnessWiki";
			};
			name = Release;
		};
		6E83F981285B94480070A8A9 /* Debug */ = {
			isa = XCBuildConfiguration;
			buildSettings = {
				ALWAYS_SEARCH_USER_PATHS = NO;
				CLANG_ANALYZER_NONNULL = YES;
				CLANG_ANALYZER_NUMBER_OBJECT_CONVERSION = YES_AGGRESSIVE;
				CLANG_CXX_LANGUAGE_STANDARD = "gnu++17";
				CLANG_ENABLE_MODULES = YES;
				CLANG_ENABLE_OBJC_ARC = YES;
				CLANG_ENABLE_OBJC_WEAK = YES;
				CLANG_WARN_BLOCK_CAPTURE_AUTORELEASING = YES;
				CLANG_WARN_BOOL_CONVERSION = YES;
				CLANG_WARN_COMMA = YES;
				CLANG_WARN_CONSTANT_CONVERSION = YES;
				CLANG_WARN_DEPRECATED_OBJC_IMPLEMENTATIONS = YES;
				CLANG_WARN_DIRECT_OBJC_ISA_USAGE = YES_ERROR;
				CLANG_WARN_DOCUMENTATION_COMMENTS = YES;
				CLANG_WARN_EMPTY_BODY = YES;
				CLANG_WARN_ENUM_CONVERSION = YES;
				CLANG_WARN_INFINITE_RECURSION = YES;
				CLANG_WARN_INT_CONVERSION = YES;
				CLANG_WARN_NON_LITERAL_NULL_CONVERSION = YES;
				CLANG_WARN_OBJC_IMPLICIT_RETAIN_SELF = YES;
				CLANG_WARN_OBJC_LITERAL_CONVERSION = YES;
				CLANG_WARN_OBJC_ROOT_CLASS = YES_ERROR;
				CLANG_WARN_QUOTED_INCLUDE_IN_FRAMEWORK_HEADER = YES;
				CLANG_WARN_RANGE_LOOP_ANALYSIS = YES;
				CLANG_WARN_STRICT_PROTOTYPES = YES;
				CLANG_WARN_SUSPICIOUS_MOVE = YES;
				CLANG_WARN_UNGUARDED_AVAILABILITY = YES_AGGRESSIVE;
				CLANG_WARN_UNREACHABLE_CODE = YES;
				CLANG_WARN__DUPLICATE_METHOD_MATCH = YES;
				COPY_PHASE_STRIP = NO;
				DEBUG_INFORMATION_FORMAT = dwarf;
				ENABLE_STRICT_OBJC_MSGSEND = YES;
				ENABLE_TESTABILITY = YES;
				GCC_C_LANGUAGE_STANDARD = gnu11;
				GCC_DYNAMIC_NO_PIC = NO;
				GCC_NO_COMMON_BLOCKS = YES;
				GCC_OPTIMIZATION_LEVEL = 0;
				GCC_PREPROCESSOR_DEFINITIONS = (
					"DEBUG=1",
					"$(inherited)",
				);
				GCC_WARN_64_TO_32_BIT_CONVERSION = YES;
				GCC_WARN_ABOUT_RETURN_TYPE = YES_ERROR;
				GCC_WARN_UNDECLARED_SELECTOR = YES;
				GCC_WARN_UNINITIALIZED_AUTOS = YES_AGGRESSIVE;
				GCC_WARN_UNUSED_FUNCTION = YES;
				GCC_WARN_UNUSED_VARIABLE = YES;
				IPHONEOS_DEPLOYMENT_TARGET = 15.5;
				MTL_ENABLE_DEBUG_INFO = INCLUDE_SOURCE;
				MTL_FAST_MATH = YES;
				ONLY_ACTIVE_ARCH = YES;
				SDKROOT = iphoneos;
				SWIFT_ACTIVE_COMPILATION_CONDITIONS = DEBUG;
				SWIFT_OPTIMIZATION_LEVEL = "-Onone";
			};
			name = Debug;
		};
		6E83F982285B94480070A8A9 /* Release */ = {
			isa = XCBuildConfiguration;
			buildSettings = {
				ALWAYS_SEARCH_USER_PATHS = NO;
				CLANG_ANALYZER_NONNULL = YES;
				CLANG_ANALYZER_NUMBER_OBJECT_CONVERSION = YES_AGGRESSIVE;
				CLANG_CXX_LANGUAGE_STANDARD = "gnu++17";
				CLANG_ENABLE_MODULES = YES;
				CLANG_ENABLE_OBJC_ARC = YES;
				CLANG_ENABLE_OBJC_WEAK = YES;
				CLANG_WARN_BLOCK_CAPTURE_AUTORELEASING = YES;
				CLANG_WARN_BOOL_CONVERSION = YES;
				CLANG_WARN_COMMA = YES;
				CLANG_WARN_CONSTANT_CONVERSION = YES;
				CLANG_WARN_DEPRECATED_OBJC_IMPLEMENTATIONS = YES;
				CLANG_WARN_DIRECT_OBJC_ISA_USAGE = YES_ERROR;
				CLANG_WARN_DOCUMENTATION_COMMENTS = YES;
				CLANG_WARN_EMPTY_BODY = YES;
				CLANG_WARN_ENUM_CONVERSION = YES;
				CLANG_WARN_INFINITE_RECURSION = YES;
				CLANG_WARN_INT_CONVERSION = YES;
				CLANG_WARN_NON_LITERAL_NULL_CONVERSION = YES;
				CLANG_WARN_OBJC_IMPLICIT_RETAIN_SELF = YES;
				CLANG_WARN_OBJC_LITERAL_CONVERSION = YES;
				CLANG_WARN_OBJC_ROOT_CLASS = YES_ERROR;
				CLANG_WARN_QUOTED_INCLUDE_IN_FRAMEWORK_HEADER = YES;
				CLANG_WARN_RANGE_LOOP_ANALYSIS = YES;
				CLANG_WARN_STRICT_PROTOTYPES = YES;
				CLANG_WARN_SUSPICIOUS_MOVE = YES;
				CLANG_WARN_UNGUARDED_AVAILABILITY = YES_AGGRESSIVE;
				CLANG_WARN_UNREACHABLE_CODE = YES;
				CLANG_WARN__DUPLICATE_METHOD_MATCH = YES;
				COPY_PHASE_STRIP = NO;
				DEBUG_INFORMATION_FORMAT = "dwarf-with-dsym";
				ENABLE_NS_ASSERTIONS = NO;
				ENABLE_STRICT_OBJC_MSGSEND = YES;
				GCC_C_LANGUAGE_STANDARD = gnu11;
				GCC_NO_COMMON_BLOCKS = YES;
				GCC_WARN_64_TO_32_BIT_CONVERSION = YES;
				GCC_WARN_ABOUT_RETURN_TYPE = YES_ERROR;
				GCC_WARN_UNDECLARED_SELECTOR = YES;
				GCC_WARN_UNINITIALIZED_AUTOS = YES_AGGRESSIVE;
				GCC_WARN_UNUSED_FUNCTION = YES;
				GCC_WARN_UNUSED_VARIABLE = YES;
				IPHONEOS_DEPLOYMENT_TARGET = 15.5;
				MTL_ENABLE_DEBUG_INFO = NO;
				MTL_FAST_MATH = YES;
				SDKROOT = iphoneos;
				SWIFT_COMPILATION_MODE = wholemodule;
				SWIFT_OPTIMIZATION_LEVEL = "-O";
				VALIDATE_PRODUCT = YES;
			};
			name = Release;
		};
		6E83F984285B94480070A8A9 /* Debug */ = {
			isa = XCBuildConfiguration;
			baseConfigurationReference = 6ECA45B3285E708400DEE011 /* Config.xcconfig */;
			buildSettings = {
				ASSETCATALOG_COMPILER_APPICON_NAME = AppIcon;
				ASSETCATALOG_COMPILER_GLOBAL_ACCENT_COLOR_NAME = AccentColor;
				CODE_SIGN_STYLE = Automatic;
				CURRENT_PROJECT_VERSION = 1;
				GENERATE_INFOPLIST_FILE = YES;
				INFOPLIST_FILE = FitnessWiki/Resources/Info.plist;
				INFOPLIST_KEY_UIApplicationSupportsIndirectInputEvents = YES;
				INFOPLIST_KEY_UILaunchStoryboardName = LaunchScreen;
				INFOPLIST_KEY_UIMainStoryboardFile = Main;
				INFOPLIST_KEY_UISupportedInterfaceOrientations_iPad = "UIInterfaceOrientationPortrait UIInterfaceOrientationPortraitUpsideDown UIInterfaceOrientationLandscapeLeft UIInterfaceOrientationLandscapeRight";
				INFOPLIST_KEY_UISupportedInterfaceOrientations_iPhone = "UIInterfaceOrientationPortrait UIInterfaceOrientationLandscapeLeft UIInterfaceOrientationLandscapeRight";
				LD_RUNPATH_SEARCH_PATHS = (
					"$(inherited)",
					"@executable_path/Frameworks",
				);
				MARKETING_VERSION = 1.0;
				PRODUCT_BUNDLE_IDENTIFIER = com.abdulrahmanmaaz.FitnessWiki;
				PRODUCT_NAME = "$(TARGET_NAME)";
				SWIFT_EMIT_LOC_STRINGS = YES;
				SWIFT_VERSION = 5.0;
				TARGETED_DEVICE_FAMILY = "1,2";
			};
			name = Debug;
		};
		6E83F985285B94480070A8A9 /* Release */ = {
			isa = XCBuildConfiguration;
			baseConfigurationReference = 6ECA45B3285E708400DEE011 /* Config.xcconfig */;
			buildSettings = {
				ASSETCATALOG_COMPILER_APPICON_NAME = AppIcon;
				ASSETCATALOG_COMPILER_GLOBAL_ACCENT_COLOR_NAME = AccentColor;
				CODE_SIGN_STYLE = Automatic;
				CURRENT_PROJECT_VERSION = 1;
				GENERATE_INFOPLIST_FILE = YES;
				INFOPLIST_FILE = FitnessWiki/Resources/Info.plist;
				INFOPLIST_KEY_UIApplicationSupportsIndirectInputEvents = YES;
				INFOPLIST_KEY_UILaunchStoryboardName = LaunchScreen;
				INFOPLIST_KEY_UIMainStoryboardFile = Main;
				INFOPLIST_KEY_UISupportedInterfaceOrientations_iPad = "UIInterfaceOrientationPortrait UIInterfaceOrientationPortraitUpsideDown UIInterfaceOrientationLandscapeLeft UIInterfaceOrientationLandscapeRight";
				INFOPLIST_KEY_UISupportedInterfaceOrientations_iPhone = "UIInterfaceOrientationPortrait UIInterfaceOrientationLandscapeLeft UIInterfaceOrientationLandscapeRight";
				LD_RUNPATH_SEARCH_PATHS = (
					"$(inherited)",
					"@executable_path/Frameworks",
				);
				MARKETING_VERSION = 1.0;
				PRODUCT_BUNDLE_IDENTIFIER = com.abdulrahmanmaaz.FitnessWiki;
				PRODUCT_NAME = "$(TARGET_NAME)";
				SWIFT_EMIT_LOC_STRINGS = YES;
				SWIFT_VERSION = 5.0;
				TARGETED_DEVICE_FAMILY = "1,2";
			};
			name = Release;
		};
/* End XCBuildConfiguration section */

/* Begin XCConfigurationList section */
		6E56C0A7286A5D6D0076414E /* Build configuration list for PBXNativeTarget "FitnessWikiTests" */ = {
			isa = XCConfigurationList;
			buildConfigurations = (
				6E56C0A5286A5D6D0076414E /* Debug */,
				6E56C0A6286A5D6D0076414E /* Release */,
			);
			defaultConfigurationIsVisible = 0;
			defaultConfigurationName = Release;
		};
		6E83F96A285B94470070A8A9 /* Build configuration list for PBXProject "FitnessWiki" */ = {
			isa = XCConfigurationList;
			buildConfigurations = (
				6E83F981285B94480070A8A9 /* Debug */,
				6E83F982285B94480070A8A9 /* Release */,
			);
			defaultConfigurationIsVisible = 0;
			defaultConfigurationName = Release;
		};
		6E83F983285B94480070A8A9 /* Build configuration list for PBXNativeTarget "FitnessWiki" */ = {
			isa = XCConfigurationList;
			buildConfigurations = (
				6E83F984285B94480070A8A9 /* Debug */,
				6E83F985285B94480070A8A9 /* Release */,
			);
			defaultConfigurationIsVisible = 0;
			defaultConfigurationName = Release;
		};
/* End XCConfigurationList section */
	};
	rootObject = 6E83F967285B94470070A8A9 /* Project object */;
}
